
Microsoft Visual Studio Solution File, Format Version 10.00
# Visual Studio 2008
Project("{8BC9CEB8-8B4A-11D0-8D11-00A0C91BC942}") = "design_patterns", "design_patterns\design_patterns.vcproj", "{198BCE38-705F-488E-BD0F-DF9BB1EE9F8E}"
EndProject
Project("{8BC9CEB8-8B4A-11D0-8D11-00A0C91BC942}") = "Obserber", "Obserber\Obserber.vcproj", "{F2B9330F-22C8-486C-8D0F-76A07CFED9C8}"
EndProject
Project("{8BC9CEB8-8B4A-11D0-8D11-00A0C91BC942}") = "Decorator", "Decorator\Decorator.vcproj", "{55A97850-CE64-46DA-9112-6874FB3DEA64}"
EndProject
Project("{8BC9CEB8-8B4A-11D0-8D11-00A0C91BC942}") = "factory", "factory\factory.vcproj", "{F1C473C7-F32F-436E-BBF3-389C97FC8C3A}"
EndProject
Project("{8BC9CEB8-8B4A-11D0-8D11-00A0C91BC942}") = "command", "command\command.vcproj", "{C875AD96-5FEF-4D04-88AC-C2B013BA5D0F}"
EndProject
Global
	GlobalSection(SolutionConfigurationPlatforms) = preSolution
		Debug|Win32 = Debug|Win32
		Release|Win32 = Release|Win32
	EndGlobalSection
	GlobalSection(ProjectConfigurationPlatforms) = postSolution
		{198BCE38-705F-488E-BD0F-DF9BB1EE9F8E}.Debug|Win32.ActiveCfg = Debug|Win32
		{198BCE38-705F-488E-BD0F-DF9BB1EE9F8E}.Debug|Win32.Build.0 = Debug|Win32
		{198BCE38-705F-488E-BD0F-DF9BB1EE9F8E}.Release|Win32.ActiveCfg = Release|Win32
		{198BCE38-705F-488E-BD0F-DF9BB1EE9F8E}.Release|Win32.Build.0 = Release|Win32
		{F2B9330F-22C8-486C-8D0F-76A07CFED9C8}.Debug|Win32.ActiveCfg = Debug|Win32
		{F2B9330F-22C8-486C-8D0F-76A07CFED9C8}.Debug|Win32.Build.0 = Debug|Win32
		{F2B9330F-22C8-486C-8D0F-76A07CFED9C8}.Release|Win32.ActiveCfg = Release|Win32
		{F2B9330F-22C8-486C-8D0F-76A07CFED9C8}.Release|Win32.Build.0 = Release|Win32
		{55A97850-CE64-46DA-9112-6874FB3DEA64}.Debug|Win32.ActiveCfg = Debug|Win32
		{55A97850-CE64-46DA-9112-6874FB3DEA64}.Debug|Win32.Build.0 = Debug|Win32
		{55A97850-CE64-46DA-9112-6874FB3DEA64}.Release|Win32.ActiveCfg = Release|Win32
		{55A97850-CE64-46DA-9112-6874FB3DEA64}.Release|Win32.Build.0 = Release|Win32
		{F1C473C7-F32F-436E-BBF3-389C97FC8C3A}.Debug|Win32.ActiveCfg = Debug|Win32
		{F1C473C7-F32F-436E-BBF3-389C97FC8C3A}.Debug|Win32.Build.0 = Debug|Win32
		{F1C473C7-F32F-436E-BBF3-389C97FC8C3A}.Release|Win32.ActiveCfg = Release|Win32
		{F1C473C7-F32F-436E-BBF3-389C97FC8C3A}.Release|Win32.Build.0 = Release|Win32
		{C875AD96-5FEF-4D04-88AC-C2B013BA5D0F}.Debug|Win32.ActiveCfg = Debug|Win32
		{C875AD96-5FEF-4D04-88AC-C2B013BA5D0F}.Debug|Win32.Build.0 = Debug|Win32
		{C875AD96-5FEF-4D04-88AC-C2B013BA5D0F}.Release|Win32.ActiveCfg = Release|Win32
		{C875AD96-5FEF-4D04-88AC-C2B013BA5D0F}.Release|Win32.Build.0 = Release|Win32
	EndGlobalSection
	GlobalSection(SolutionProperties) = preSolution
		HideSolutionNode = FALSE
	EndGlobalSection
EndGlobal
