
Microsoft Visual Studio Solution File, Format Version 10.00
# Visual Studio 2008
Project("{8BC9CEB8-8B4A-11D0-8D11-00A0C91BC942}") = "boost", "boost\boost.vcproj", "{265F0223-FE73-42A8-885E-52F973E6D197}"
EndProject
Project("{8BC9CEB8-8B4A-11D0-8D11-00A0C91BC942}") = "boost_tuple", "boost_tuple\boost_tuple.vcproj", "{CBCF09FD-0B6F-4D73-A15B-E445862676BD}"
EndProject
Project("{8BC9CEB8-8B4A-11D0-8D11-00A0C91BC942}") = "boost_lambda", "boost_lambda\boost_lambda.vcproj", "{3A2544FC-A72F-4E03-A214-A6595ED17980}"
EndProject
Project("{8BC9CEB8-8B4A-11D0-8D11-00A0C91BC942}") = "optional", "optional\optional.vcproj", "{F7828B82-6BFB-483C-827E-CADEDD3D371F}"
EndProject
Project("{8BC9CEB8-8B4A-11D0-8D11-00A0C91BC942}") = "asio", "asio\asio.vcproj", "{4BD40091-3464-4BF6-8EC1-A4A356033F8A}"
EndProject
Project("{8BC9CEB8-8B4A-11D0-8D11-00A0C91BC942}") = "auto", "auto\auto.vcproj", "{0E34DEF8-782A-4457-947B-4E316FF3B9B0}"
EndProject
Project("{8BC9CEB8-8B4A-11D0-8D11-00A0C91BC942}") = "boost_property_tree", "boost_property_tree\boost_property_tree.vcproj", "{580363A2-E12E-4AAA-8195-4DD314CD4C65}"
EndProject
Project("{8BC9CEB8-8B4A-11D0-8D11-00A0C91BC942}") = "interprocess", "interprocess\interprocess.vcproj", "{3D796A20-3256-4585-A844-3DBC6BFCD8E2}"
EndProject
Project("{8BC9CEB8-8B4A-11D0-8D11-00A0C91BC942}") = "thread", "thread\thread.vcproj", "{E75058EF-8FD6-47FF-843A-62FBD59A26BC}"
EndProject
Project("{8BC9CEB8-8B4A-11D0-8D11-00A0C91BC942}") = "log", "log\log.vcproj", "{8219D04A-7316-425B-80D3-A9CF57F15E3F}"
EndProject
Project("{8BC9CEB8-8B4A-11D0-8D11-00A0C91BC942}") = "serialization", "serialization\serialization.vcproj", "{3023A9E4-0E98-40D1-993C-5E6102ACD4F2}"
EndProject
Project("{8BC9CEB8-8B4A-11D0-8D11-00A0C91BC942}") = "bind", "bind\bind.vcproj", "{211F396A-6BD2-462F-AA07-850EE9DAEF60}"
EndProject
Project("{8BC9CEB8-8B4A-11D0-8D11-00A0C91BC942}") = "std_sort", "std_sort\std_sort.vcproj", "{3F01446A-24E7-40F3-89D9-43F206E9762B}"
EndProject
Project("{8BC9CEB8-8B4A-11D0-8D11-00A0C91BC942}") = "asio_server", "asio_server\asio_server.vcproj", "{75BF582B-548E-4EEC-A882-83AC2A10C83A}"
EndProject
Project("{8BC9CEB8-8B4A-11D0-8D11-00A0C91BC942}") = "unit_test", "unit_test\unit_test.vcproj", "{7CD574AA-79FB-4EB9-AE95-166357E7F9CA}"
EndProject
Global
	GlobalSection(SolutionConfigurationPlatforms) = preSolution
		Debug|Win32 = Debug|Win32
		Release|Win32 = Release|Win32
	EndGlobalSection
	GlobalSection(ProjectConfigurationPlatforms) = postSolution
		{265F0223-FE73-42A8-885E-52F973E6D197}.Debug|Win32.ActiveCfg = Debug|Win32
		{265F0223-FE73-42A8-885E-52F973E6D197}.Debug|Win32.Build.0 = Debug|Win32
		{265F0223-FE73-42A8-885E-52F973E6D197}.Release|Win32.ActiveCfg = Release|Win32
		{265F0223-FE73-42A8-885E-52F973E6D197}.Release|Win32.Build.0 = Release|Win32
		{CBCF09FD-0B6F-4D73-A15B-E445862676BD}.Debug|Win32.ActiveCfg = Debug|Win32
		{CBCF09FD-0B6F-4D73-A15B-E445862676BD}.Debug|Win32.Build.0 = Debug|Win32
		{CBCF09FD-0B6F-4D73-A15B-E445862676BD}.Release|Win32.ActiveCfg = Release|Win32
		{CBCF09FD-0B6F-4D73-A15B-E445862676BD}.Release|Win32.Build.0 = Release|Win32
		{3A2544FC-A72F-4E03-A214-A6595ED17980}.Debug|Win32.ActiveCfg = Debug|Win32
		{3A2544FC-A72F-4E03-A214-A6595ED17980}.Debug|Win32.Build.0 = Debug|Win32
		{3A2544FC-A72F-4E03-A214-A6595ED17980}.Release|Win32.ActiveCfg = Release|Win32
		{3A2544FC-A72F-4E03-A214-A6595ED17980}.Release|Win32.Build.0 = Release|Win32
		{F7828B82-6BFB-483C-827E-CADEDD3D371F}.Debug|Win32.ActiveCfg = Debug|Win32
		{F7828B82-6BFB-483C-827E-CADEDD3D371F}.Debug|Win32.Build.0 = Debug|Win32
		{F7828B82-6BFB-483C-827E-CADEDD3D371F}.Release|Win32.ActiveCfg = Release|Win32
		{F7828B82-6BFB-483C-827E-CADEDD3D371F}.Release|Win32.Build.0 = Release|Win32
		{4BD40091-3464-4BF6-8EC1-A4A356033F8A}.Debug|Win32.ActiveCfg = Debug|Win32
		{4BD40091-3464-4BF6-8EC1-A4A356033F8A}.Debug|Win32.Build.0 = Debug|Win32
		{4BD40091-3464-4BF6-8EC1-A4A356033F8A}.Release|Win32.ActiveCfg = Release|Win32
		{4BD40091-3464-4BF6-8EC1-A4A356033F8A}.Release|Win32.Build.0 = Release|Win32
		{0E34DEF8-782A-4457-947B-4E316FF3B9B0}.Debug|Win32.ActiveCfg = Debug|Win32
		{0E34DEF8-782A-4457-947B-4E316FF3B9B0}.Debug|Win32.Build.0 = Debug|Win32
		{0E34DEF8-782A-4457-947B-4E316FF3B9B0}.Release|Win32.ActiveCfg = Release|Win32
		{0E34DEF8-782A-4457-947B-4E316FF3B9B0}.Release|Win32.Build.0 = Release|Win32
		{580363A2-E12E-4AAA-8195-4DD314CD4C65}.Debug|Win32.ActiveCfg = Debug|Win32
		{580363A2-E12E-4AAA-8195-4DD314CD4C65}.Debug|Win32.Build.0 = Debug|Win32
		{580363A2-E12E-4AAA-8195-4DD314CD4C65}.Release|Win32.ActiveCfg = Release|Win32
		{580363A2-E12E-4AAA-8195-4DD314CD4C65}.Release|Win32.Build.0 = Release|Win32
		{3D796A20-3256-4585-A844-3DBC6BFCD8E2}.Debug|Win32.ActiveCfg = Debug|Win32
		{3D796A20-3256-4585-A844-3DBC6BFCD8E2}.Debug|Win32.Build.0 = Debug|Win32
		{3D796A20-3256-4585-A844-3DBC6BFCD8E2}.Release|Win32.ActiveCfg = Release|Win32
		{3D796A20-3256-4585-A844-3DBC6BFCD8E2}.Release|Win32.Build.0 = Release|Win32
		{E75058EF-8FD6-47FF-843A-62FBD59A26BC}.Debug|Win32.ActiveCfg = Debug|Win32
		{E75058EF-8FD6-47FF-843A-62FBD59A26BC}.Debug|Win32.Build.0 = Debug|Win32
		{E75058EF-8FD6-47FF-843A-62FBD59A26BC}.Release|Win32.ActiveCfg = Release|Win32
		{E75058EF-8FD6-47FF-843A-62FBD59A26BC}.Release|Win32.Build.0 = Release|Win32
		{8219D04A-7316-425B-80D3-A9CF57F15E3F}.Debug|Win32.ActiveCfg = Debug|Win32
		{8219D04A-7316-425B-80D3-A9CF57F15E3F}.Debug|Win32.Build.0 = Debug|Win32
		{8219D04A-7316-425B-80D3-A9CF57F15E3F}.Release|Win32.ActiveCfg = Release|Win32
		{8219D04A-7316-425B-80D3-A9CF57F15E3F}.Release|Win32.Build.0 = Release|Win32
		{3023A9E4-0E98-40D1-993C-5E6102ACD4F2}.Debug|Win32.ActiveCfg = Debug|Win32
		{3023A9E4-0E98-40D1-993C-5E6102ACD4F2}.Debug|Win32.Build.0 = Debug|Win32
		{3023A9E4-0E98-40D1-993C-5E6102ACD4F2}.Release|Win32.ActiveCfg = Release|Win32
		{3023A9E4-0E98-40D1-993C-5E6102ACD4F2}.Release|Win32.Build.0 = Release|Win32
		{211F396A-6BD2-462F-AA07-850EE9DAEF60}.Debug|Win32.ActiveCfg = Debug|Win32
		{211F396A-6BD2-462F-AA07-850EE9DAEF60}.Debug|Win32.Build.0 = Debug|Win32
		{211F396A-6BD2-462F-AA07-850EE9DAEF60}.Release|Win32.ActiveCfg = Release|Win32
		{211F396A-6BD2-462F-AA07-850EE9DAEF60}.Release|Win32.Build.0 = Release|Win32
		{3F01446A-24E7-40F3-89D9-43F206E9762B}.Debug|Win32.ActiveCfg = Debug|Win32
		{3F01446A-24E7-40F3-89D9-43F206E9762B}.Debug|Win32.Build.0 = Debug|Win32
		{3F01446A-24E7-40F3-89D9-43F206E9762B}.Release|Win32.ActiveCfg = Release|Win32
		{3F01446A-24E7-40F3-89D9-43F206E9762B}.Release|Win32.Build.0 = Release|Win32
		{75BF582B-548E-4EEC-A882-83AC2A10C83A}.Debug|Win32.ActiveCfg = Debug|Win32
		{75BF582B-548E-4EEC-A882-83AC2A10C83A}.Debug|Win32.Build.0 = Debug|Win32
		{75BF582B-548E-4EEC-A882-83AC2A10C83A}.Release|Win32.ActiveCfg = Release|Win32
		{75BF582B-548E-4EEC-A882-83AC2A10C83A}.Release|Win32.Build.0 = Release|Win32
		{7CD574AA-79FB-4EB9-AE95-166357E7F9CA}.Debug|Win32.ActiveCfg = Debug|Win32
		{7CD574AA-79FB-4EB9-AE95-166357E7F9CA}.Debug|Win32.Build.0 = Debug|Win32
		{7CD574AA-79FB-4EB9-AE95-166357E7F9CA}.Release|Win32.ActiveCfg = Release|Win32
		{7CD574AA-79FB-4EB9-AE95-166357E7F9CA}.Release|Win32.Build.0 = Release|Win32
	EndGlobalSection
	GlobalSection(SolutionProperties) = preSolution
		HideSolutionNode = FALSE
	EndGlobalSection
EndGlobal
